{
  "nodes": {
    "compose2nix": {
      "inputs": {
        "nixpkgs": [
          "nixpkgs"
        ]
      },
      "locked": {
        "lastModified": 1720032541,
        "narHash": "sha256-PqBjivVCJS3qUXVBMeTLj03OlY2E5/TfJssd/p2m8js=",
        "owner": "aksiksi",
        "repo": "compose2nix",
        "rev": "923f6bc058118f76e69ed96332e40a472d8fd702",
        "type": "github"
      },
      "original": {
        "owner": "aksiksi",
        "repo": "compose2nix",
        "type": "github"
      }
    },
    "hardware": {
      "locked": {
        "lastModified": 1719895800,
        "narHash": "sha256-xNbjISJTFailxass4LmdWeV4jNhAlmJPwj46a/GxE6M=",
        "owner": "nixos",
        "repo": "nixos-hardware",
        "rev": "6e253f12b1009053eff5344be5e835f604bb64cd",
        "type": "github"
      },
      "original": {
        "owner": "nixos",
        "repo": "nixos-hardware",
        "type": "github"
      }
    },
    "home-manager": {
      "inputs": {
        "nixpkgs": [
          "nixpkgs"
        ]
      },
      "locked": {
        "lastModified": 1720042825,
        "narHash": "sha256-A0vrUB6x82/jvf17qPCpxaM+ulJnD8YZwH9Ci0BsAzE=",
        "owner": "nix-community",
        "repo": "home-manager",
        "rev": "e1391fb22e18a36f57e6999c7a9f966dc80ac073",
        "type": "github"
      },
      "original": {
        "owner": "nix-community",
        "ref": "release-24.05",
        "repo": "home-manager",
        "type": "github"
      }
    },
    "nix-index-database": {
      "inputs": {
        "nixpkgs": [
          "nixpkgs"
        ]
      },
      "locked": {
        "lastModified": 1719832725,
        "narHash": "sha256-dr8DkeS74KVNTgi8BE0BiUKALb+EKlMIV86G2xPYO64=",
        "owner": "Mic92",
        "repo": "nix-index-database",
        "rev": "2917972ed34ce292309b3a4976286f8b5c08db27",
        "type": "github"
      },
      "original": {
        "owner": "Mic92",
        "repo": "nix-index-database",
        "type": "github"
      }
    },
    "nixpkgs": {
      "locked": {
        "lastModified": 1720110830,
        "narHash": "sha256-E5dN9GDV4LwMEduhBLSkyEz51zM17XkWZ3/9luvNOPs=",
        "owner": "nixos",
        "repo": "nixpkgs",
        "rev": "c0d0be00d4ecc4b51d2d6948e37466194c1e6c51",
        "type": "github"
      },
      "original": {
        "owner": "nixos",
        "ref": "nixos-24.05",
        "repo": "nixpkgs",
        "type": "github"
      }
    },
    "plasma-manager": {
      "inputs": {
        "home-manager": [
          "home-manager"
        ],
        "nixpkgs": [
          "nixpkgs"
        ]
      },
      "locked": {
        "lastModified": 1720168075,
        "narHash": "sha256-Nb/8+zrOPbU9EBMterwQPTUonqwj6Czd0CCCNM4SROA=",
        "owner": "pjones",
        "repo": "plasma-manager",
        "rev": "71c3fb6eb0767923335662aa33a06f983c2fbeae",
        "type": "github"
      },
      "original": {
        "owner": "pjones",
        "repo": "plasma-manager",
        "type": "github"
      }
    },
    "root": {
      "inputs": {
        "compose2nix": "compose2nix",
        "hardware": "hardware",
        "home-manager": "home-manager",
        "nix-index-database": "nix-index-database",
        "nixpkgs": "nixpkgs",
        "plasma-manager": "plasma-manager",
        "sops-nix": "sops-nix",
        "systems": "systems"
      }
    },
    "sops-nix": {
      "inputs": {
        "nixpkgs": [
          "nixpkgs"
        ],
        "nixpkgs-stable": [
          "nixpkgs"
        ]
      },
      "locked": {
        "lastModified": 1720187017,
        "narHash": "sha256-Zq+T1Bvd0ShZB9XM+bP0VJK3HjsSVQBLolkaCLBQnfQ=",
        "owner": "mic92",
        "repo": "sops-nix",
        "rev": "1b11e208cee97c47677439625dc22e5289dcdead",
        "type": "github"
      },
      "original": {
        "owner": "mic92",
        "repo": "sops-nix",
        "type": "github"
      }
    },
    "systems": {
      "locked": {
        "lastModified": 1689347949,
        "narHash": "sha256-12tWmuL2zgBgZkdoB6qXZsgJEH9LR3oUgpaQq2RbI80=",
        "owner": "nix-systems",
        "repo": "default-linux",
        "rev": "31732fcf5e8fea42e59c2488ad31a0e651500f68",
        "type": "github"
      },
      "original": {
        "owner": "nix-systems",
        "repo": "default-linux",
        "type": "github"
      }
    }
  },
  "root": "root",
  "version": 7
}
